
Microsoft Visual Studio Solution File, Format Version 12.00
# Visual Studio Version 16
VisualStudioVersion = 16.0.31005.135
MinimumVisualStudioVersion = 10.0.40219.1
Project("{FAE04EC0-301F-11D3-BF4B-00C04F79EFBC}") = "WebApplication1", "WebApplication1\WebApplication1.csproj", "{F8185BDA-CE6C-41C2-8DBC-56C36C0370BD}"
EndProject
Global
	GlobalSection(SolutionConfigurationPlatforms) = preSolution
		Debug|Any CPU = Debug|Any CPU
		Release|Any CPU = Release|Any CPU
	EndGlobalSection
	GlobalSection(ProjectConfigurationPlatforms) = postSolution
		{F8185BDA-CE6C-41C2-8DBC-56C36C0370BD}.Debug|Any CPU.ActiveCfg = Debug|Any CPU
		{F8185BDA-CE6C-41C2-8DBC-56C36C0370BD}.Debug|Any CPU.Build.0 = Debug|Any CPU
		{F8185BDA-CE6C-41C2-8DBC-56C36C0370BD}.Release|Any CPU.ActiveCfg = Release|Any CPU
		{F8185BDA-CE6C-41C2-8DBC-56C36C0370BD}.Release|Any CPU.Build.0 = Release|Any CPU
	EndGlobalSection
	GlobalSection(SolutionProperties) = preSolution
		HideSolutionNode = FALSE
	EndGlobalSection
	GlobalSection(ExtensibilityGlobals) = postSolution
		SolutionGuid = {C1AFE605-A25A-4D5A-A7AA-C0A9523C9E03}
	EndGlobalSection
EndGlobal
