
Microsoft Visual Studio Solution File, Format Version 12.00
# Visual Studio Version 16
VisualStudioVersion = 16.0.30621.155
MinimumVisualStudioVersion = 10.0.40219.1
Project("{FAE04EC0-301F-11D3-BF4B-00C04F79EFBC}") = "ASP_Identity_Inegrated_DB", "ASP_Identity_Inegrated_DB\ASP_Identity_Inegrated_DB.csproj", "{AFF8339E-4B40-4A1F-A44D-85F14A1385F8}"
EndProject
Global
	GlobalSection(SolutionConfigurationPlatforms) = preSolution
		Debug|Any CPU = Debug|Any CPU
		Release|Any CPU = Release|Any CPU
	EndGlobalSection
	GlobalSection(ProjectConfigurationPlatforms) = postSolution
		{AFF8339E-4B40-4A1F-A44D-85F14A1385F8}.Debug|Any CPU.ActiveCfg = Debug|Any CPU
		{AFF8339E-4B40-4A1F-A44D-85F14A1385F8}.Debug|Any CPU.Build.0 = Debug|Any CPU
		{AFF8339E-4B40-4A1F-A44D-85F14A1385F8}.Release|Any CPU.ActiveCfg = Release|Any CPU
		{AFF8339E-4B40-4A1F-A44D-85F14A1385F8}.Release|Any CPU.Build.0 = Release|Any CPU
	EndGlobalSection
	GlobalSection(SolutionProperties) = preSolution
		HideSolutionNode = FALSE
	EndGlobalSection
	GlobalSection(ExtensibilityGlobals) = postSolution
		SolutionGuid = {91848686-FE6F-4E1D-AB15-0DE67FC7A76F}
	EndGlobalSection
EndGlobal
