
Microsoft Visual Studio Solution File, Format Version 12.00
# Visual Studio Version 16
VisualStudioVersion = 16.0.31005.135
MinimumVisualStudioVersion = 10.0.40219.1
Project("{FAE04EC0-301F-11D3-BF4B-00C04F79EFBC}") = "AutoMapper_DTO", "AutoMapper_DTO\AutoMapper_DTO.csproj", "{D0F60B4C-0D42-456A-8B7B-B41A397AFE56}"
EndProject
Global
	GlobalSection(SolutionConfigurationPlatforms) = preSolution
		Debug|Any CPU = Debug|Any CPU
		Release|Any CPU = Release|Any CPU
	EndGlobalSection
	GlobalSection(ProjectConfigurationPlatforms) = postSolution
		{D0F60B4C-0D42-456A-8B7B-B41A397AFE56}.Debug|Any CPU.ActiveCfg = Debug|Any CPU
		{D0F60B4C-0D42-456A-8B7B-B41A397AFE56}.Debug|Any CPU.Build.0 = Debug|Any CPU
		{D0F60B4C-0D42-456A-8B7B-B41A397AFE56}.Release|Any CPU.ActiveCfg = Release|Any CPU
		{D0F60B4C-0D42-456A-8B7B-B41A397AFE56}.Release|Any CPU.Build.0 = Release|Any CPU
	EndGlobalSection
	GlobalSection(SolutionProperties) = preSolution
		HideSolutionNode = FALSE
	EndGlobalSection
	GlobalSection(ExtensibilityGlobals) = postSolution
		SolutionGuid = {DC03C058-F51F-46C3-81D0-CE549871F2CA}
	EndGlobalSection
EndGlobal
