
Microsoft Visual Studio Solution File, Format Version 12.00
# Visual Studio Version 16
VisualStudioVersion = 16.0.30621.155
MinimumVisualStudioVersion = 10.0.40219.1
Project("{FAE04EC0-301F-11D3-BF4B-00C04F79EFBC}") = "MVC_Practise", "MVC_Practise\MVC_Practise.csproj", "{FF31AD70-54C5-44B5-9529-F2F8CD31698D}"
EndProject
Global
	GlobalSection(SolutionConfigurationPlatforms) = preSolution
		Debug|Any CPU = Debug|Any CPU
		Release|Any CPU = Release|Any CPU
	EndGlobalSection
	GlobalSection(ProjectConfigurationPlatforms) = postSolution
		{FF31AD70-54C5-44B5-9529-F2F8CD31698D}.Debug|Any CPU.ActiveCfg = Debug|Any CPU
		{FF31AD70-54C5-44B5-9529-F2F8CD31698D}.Debug|Any CPU.Build.0 = Debug|Any CPU
		{FF31AD70-54C5-44B5-9529-F2F8CD31698D}.Release|Any CPU.ActiveCfg = Release|Any CPU
		{FF31AD70-54C5-44B5-9529-F2F8CD31698D}.Release|Any CPU.Build.0 = Release|Any CPU
	EndGlobalSection
	GlobalSection(SolutionProperties) = preSolution
		HideSolutionNode = FALSE
	EndGlobalSection
	GlobalSection(ExtensibilityGlobals) = postSolution
		SolutionGuid = {21A229CC-E693-418C-B12A-DE8E1D0F430F}
	EndGlobalSection
EndGlobal
