
Microsoft Visual Studio Solution File, Format Version 12.00
# Visual Studio Version 16
VisualStudioVersion = 16.0.30621.155
MinimumVisualStudioVersion = 10.0.40219.1
Project("{FAE04EC0-301F-11D3-BF4B-00C04F79EFBC}") = "PhotographyWebApp", "PhotographyWebApp\PhotographyWebApp.csproj", "{952CE28F-4CEB-47A5-9880-5BA270814BAB}"
EndProject
Global
	GlobalSection(SolutionConfigurationPlatforms) = preSolution
		Debug|Any CPU = Debug|Any CPU
		Release|Any CPU = Release|Any CPU
	EndGlobalSection
	GlobalSection(ProjectConfigurationPlatforms) = postSolution
		{952CE28F-4CEB-47A5-9880-5BA270814BAB}.Debug|Any CPU.ActiveCfg = Debug|Any CPU
		{952CE28F-4CEB-47A5-9880-5BA270814BAB}.Debug|Any CPU.Build.0 = Debug|Any CPU
		{952CE28F-4CEB-47A5-9880-5BA270814BAB}.Release|Any CPU.ActiveCfg = Release|Any CPU
		{952CE28F-4CEB-47A5-9880-5BA270814BAB}.Release|Any CPU.Build.0 = Release|Any CPU
	EndGlobalSection
	GlobalSection(SolutionProperties) = preSolution
		HideSolutionNode = FALSE
	EndGlobalSection
	GlobalSection(ExtensibilityGlobals) = postSolution
		SolutionGuid = {A015E08B-6195-4348-ADB2-5F389B556617}
	EndGlobalSection
EndGlobal
