
Microsoft Visual Studio Solution File, Format Version 12.00
# Visual Studio Version 16
VisualStudioVersion = 16.0.30503.244
MinimumVisualStudioVersion = 10.0.40219.1
Project("{FAE04EC0-301F-11D3-BF4B-00C04F79EFBC}") = "Day1_Bootstrap_Practise", "Day1_Bootstrap_Practise\Day1_Bootstrap_Practise.csproj", "{DD26C0BB-3F0A-44F5-AB9B-FB934CF9828C}"
EndProject
Global
	GlobalSection(SolutionConfigurationPlatforms) = preSolution
		Debug|Any CPU = Debug|Any CPU
		Release|Any CPU = Release|Any CPU
	EndGlobalSection
	GlobalSection(ProjectConfigurationPlatforms) = postSolution
		{DD26C0BB-3F0A-44F5-AB9B-FB934CF9828C}.Debug|Any CPU.ActiveCfg = Debug|Any CPU
		{DD26C0BB-3F0A-44F5-AB9B-FB934CF9828C}.Debug|Any CPU.Build.0 = Debug|Any CPU
		{DD26C0BB-3F0A-44F5-AB9B-FB934CF9828C}.Release|Any CPU.ActiveCfg = Release|Any CPU
		{DD26C0BB-3F0A-44F5-AB9B-FB934CF9828C}.Release|Any CPU.Build.0 = Release|Any CPU
	EndGlobalSection
	GlobalSection(SolutionProperties) = preSolution
		HideSolutionNode = FALSE
	EndGlobalSection
	GlobalSection(ExtensibilityGlobals) = postSolution
		SolutionGuid = {B446C43E-C62A-4682-8DF7-1DCC6F2320D9}
	EndGlobalSection
EndGlobal
