
Microsoft Visual Studio Solution File, Format Version 12.00
# Visual Studio Version 16
VisualStudioVersion = 16.0.30907.101
MinimumVisualStudioVersion = 10.0.40219.1
Project("{FAE04EC0-301F-11D3-BF4B-00C04F79EFBC}") = "WCF", "WCF\WCF.csproj", "{3FA27F92-EDD8-42BD-B413-B184DCE5B9CD}"
EndProject
Project("{FAE04EC0-301F-11D3-BF4B-00C04F79EFBC}") = "WcfServiceNewsOM", "WcfServiceNewsOM\WcfServiceNewsOM.csproj", "{D9AA2148-8192-4C8B-8CA7-931DB544CFA8}"
EndProject
Global
	GlobalSection(SolutionConfigurationPlatforms) = preSolution
		Debug|Any CPU = Debug|Any CPU
		Release|Any CPU = Release|Any CPU
	EndGlobalSection
	GlobalSection(ProjectConfigurationPlatforms) = postSolution
		{3FA27F92-EDD8-42BD-B413-B184DCE5B9CD}.Debug|Any CPU.ActiveCfg = Debug|Any CPU
		{3FA27F92-EDD8-42BD-B413-B184DCE5B9CD}.Debug|Any CPU.Build.0 = Debug|Any CPU
		{3FA27F92-EDD8-42BD-B413-B184DCE5B9CD}.Release|Any CPU.ActiveCfg = Release|Any CPU
		{3FA27F92-EDD8-42BD-B413-B184DCE5B9CD}.Release|Any CPU.Build.0 = Release|Any CPU
		{D9AA2148-8192-4C8B-8CA7-931DB544CFA8}.Debug|Any CPU.ActiveCfg = Debug|Any CPU
		{D9AA2148-8192-4C8B-8CA7-931DB544CFA8}.Debug|Any CPU.Build.0 = Debug|Any CPU
		{D9AA2148-8192-4C8B-8CA7-931DB544CFA8}.Release|Any CPU.ActiveCfg = Release|Any CPU
		{D9AA2148-8192-4C8B-8CA7-931DB544CFA8}.Release|Any CPU.Build.0 = Release|Any CPU
	EndGlobalSection
	GlobalSection(SolutionProperties) = preSolution
		HideSolutionNode = FALSE
	EndGlobalSection
	GlobalSection(ExtensibilityGlobals) = postSolution
		SolutionGuid = {A8347DB4-BB98-4715-8836-F1DA725E5DEC}
	EndGlobalSection
EndGlobal
