
Microsoft Visual Studio Solution File, Format Version 12.00
# Visual Studio Version 16
VisualStudioVersion = 16.0.30611.23
MinimumVisualStudioVersion = 10.0.40219.1
Project("{FAE04EC0-301F-11D3-BF4B-00C04F79EFBC}") = "Day2_Csharp", "Day2_Csharp\Day2_Csharp.csproj", "{903D34BB-9F36-4E08-BA34-9A9812F6B064}"
EndProject
Global
	GlobalSection(SolutionConfigurationPlatforms) = preSolution
		Debug|Any CPU = Debug|Any CPU
		Release|Any CPU = Release|Any CPU
	EndGlobalSection
	GlobalSection(ProjectConfigurationPlatforms) = postSolution
		{903D34BB-9F36-4E08-BA34-9A9812F6B064}.Debug|Any CPU.ActiveCfg = Debug|Any CPU
		{903D34BB-9F36-4E08-BA34-9A9812F6B064}.Debug|Any CPU.Build.0 = Debug|Any CPU
		{903D34BB-9F36-4E08-BA34-9A9812F6B064}.Release|Any CPU.ActiveCfg = Release|Any CPU
		{903D34BB-9F36-4E08-BA34-9A9812F6B064}.Release|Any CPU.Build.0 = Release|Any CPU
	EndGlobalSection
	GlobalSection(SolutionProperties) = preSolution
		HideSolutionNode = FALSE
	EndGlobalSection
	GlobalSection(ExtensibilityGlobals) = postSolution
		SolutionGuid = {EC14F2BB-A7FB-463F-B483-FAFC4A156FE0}
	EndGlobalSection
EndGlobal
