
Microsoft Visual Studio Solution File, Format Version 12.00
# Visual Studio Version 16
VisualStudioVersion = 16.0.30503.244
MinimumVisualStudioVersion = 10.0.40219.1
Project("{FAE04EC0-301F-11D3-BF4B-00C04F79EFBC}") = "Day2_JavaScript", "Day2_JavaScript\Day2_JavaScript.csproj", "{DD07BB41-AD76-4B81-ACA8-42BB6803DA34}"
EndProject
Global
	GlobalSection(SolutionConfigurationPlatforms) = preSolution
		Debug|Any CPU = Debug|Any CPU
		Release|Any CPU = Release|Any CPU
	EndGlobalSection
	GlobalSection(ProjectConfigurationPlatforms) = postSolution
		{DD07BB41-AD76-4B81-ACA8-42BB6803DA34}.Debug|Any CPU.ActiveCfg = Debug|Any CPU
		{DD07BB41-AD76-4B81-ACA8-42BB6803DA34}.Debug|Any CPU.Build.0 = Debug|Any CPU
		{DD07BB41-AD76-4B81-ACA8-42BB6803DA34}.Release|Any CPU.ActiveCfg = Release|Any CPU
		{DD07BB41-AD76-4B81-ACA8-42BB6803DA34}.Release|Any CPU.Build.0 = Release|Any CPU
	EndGlobalSection
	GlobalSection(SolutionProperties) = preSolution
		HideSolutionNode = FALSE
	EndGlobalSection
	GlobalSection(ExtensibilityGlobals) = postSolution
		SolutionGuid = {BE5E547B-2D4D-4B5A-A1A0-DCF0CF466E4C}
	EndGlobalSection
EndGlobal
