
Microsoft Visual Studio Solution File, Format Version 12.00
# Visual Studio Version 16
VisualStudioVersion = 16.0.30503.244
MinimumVisualStudioVersion = 10.0.40219.1
Project("{FAE04EC0-301F-11D3-BF4B-00C04F79EFBC}") = "Day2_Bootstrap", "Day2_Bootstrap\Day2_Bootstrap.csproj", "{1CCEDA50-D33D-46E7-B771-9995BC43654C}"
EndProject
Global
	GlobalSection(SolutionConfigurationPlatforms) = preSolution
		Debug|Any CPU = Debug|Any CPU
		Release|Any CPU = Release|Any CPU
	EndGlobalSection
	GlobalSection(ProjectConfigurationPlatforms) = postSolution
		{1CCEDA50-D33D-46E7-B771-9995BC43654C}.Debug|Any CPU.ActiveCfg = Debug|Any CPU
		{1CCEDA50-D33D-46E7-B771-9995BC43654C}.Debug|Any CPU.Build.0 = Debug|Any CPU
		{1CCEDA50-D33D-46E7-B771-9995BC43654C}.Release|Any CPU.ActiveCfg = Release|Any CPU
		{1CCEDA50-D33D-46E7-B771-9995BC43654C}.Release|Any CPU.Build.0 = Release|Any CPU
	EndGlobalSection
	GlobalSection(SolutionProperties) = preSolution
		HideSolutionNode = FALSE
	EndGlobalSection
	GlobalSection(ExtensibilityGlobals) = postSolution
		SolutionGuid = {26EB4754-E189-4412-A9E0-EB8F48DC2C6D}
	EndGlobalSection
EndGlobal
