
Microsoft Visual Studio Solution File, Format Version 12.00
# Visual Studio Version 16
VisualStudioVersion = 16.0.30611.23
MinimumVisualStudioVersion = 10.0.40219.1
Project("{FAE04EC0-301F-11D3-BF4B-00C04F79EFBC}") = "Day2_LINQ_Practise", "Day2_LINQ_Practise\Day2_LINQ_Practise.csproj", "{CC72A3E8-0137-4E4B-8F0E-7D1FDA06E066}"
EndProject
Global
	GlobalSection(SolutionConfigurationPlatforms) = preSolution
		Debug|Any CPU = Debug|Any CPU
		Release|Any CPU = Release|Any CPU
	EndGlobalSection
	GlobalSection(ProjectConfigurationPlatforms) = postSolution
		{CC72A3E8-0137-4E4B-8F0E-7D1FDA06E066}.Debug|Any CPU.ActiveCfg = Debug|Any CPU
		{CC72A3E8-0137-4E4B-8F0E-7D1FDA06E066}.Debug|Any CPU.Build.0 = Debug|Any CPU
		{CC72A3E8-0137-4E4B-8F0E-7D1FDA06E066}.Release|Any CPU.ActiveCfg = Release|Any CPU
		{CC72A3E8-0137-4E4B-8F0E-7D1FDA06E066}.Release|Any CPU.Build.0 = Release|Any CPU
	EndGlobalSection
	GlobalSection(SolutionProperties) = preSolution
		HideSolutionNode = FALSE
	EndGlobalSection
	GlobalSection(ExtensibilityGlobals) = postSolution
		SolutionGuid = {E1586985-B8CF-49FC-BD42-9592E82846C4}
	EndGlobalSection
EndGlobal
