
Microsoft Visual Studio Solution File, Format Version 12.00
# Visual Studio Version 16
VisualStudioVersion = 16.0.30621.155
MinimumVisualStudioVersion = 10.0.40219.1
Project("{FAE04EC0-301F-11D3-BF4B-00C04F79EFBC}") = "Day1_MVC", "Day1_MVC\Day1_MVC.csproj", "{4C2D5517-41A9-404E-BC62-965B849B296E}"
EndProject
Global
	GlobalSection(SolutionConfigurationPlatforms) = preSolution
		Debug|Any CPU = Debug|Any CPU
		Release|Any CPU = Release|Any CPU
	EndGlobalSection
	GlobalSection(ProjectConfigurationPlatforms) = postSolution
		{4C2D5517-41A9-404E-BC62-965B849B296E}.Debug|Any CPU.ActiveCfg = Debug|Any CPU
		{4C2D5517-41A9-404E-BC62-965B849B296E}.Debug|Any CPU.Build.0 = Debug|Any CPU
		{4C2D5517-41A9-404E-BC62-965B849B296E}.Release|Any CPU.ActiveCfg = Release|Any CPU
		{4C2D5517-41A9-404E-BC62-965B849B296E}.Release|Any CPU.Build.0 = Release|Any CPU
	EndGlobalSection
	GlobalSection(SolutionProperties) = preSolution
		HideSolutionNode = FALSE
	EndGlobalSection
	GlobalSection(ExtensibilityGlobals) = postSolution
		SolutionGuid = {27B57267-D74A-457C-A8D4-5ED6C1EE6B2E}
	EndGlobalSection
EndGlobal
