
Microsoft Visual Studio Solution File, Format Version 12.00
# Visual Studio Version 16
VisualStudioVersion = 16.0.30611.23
MinimumVisualStudioVersion = 10.0.40219.1
Project("{FAE04EC0-301F-11D3-BF4B-00C04F79EFBC}") = "Day2_LINQ", "Day2_LINQ\Day2_LINQ.csproj", "{B52AB52B-3F8B-4464-B346-16FF59B3F432}"
EndProject
Global
	GlobalSection(SolutionConfigurationPlatforms) = preSolution
		Debug|Any CPU = Debug|Any CPU
		Release|Any CPU = Release|Any CPU
	EndGlobalSection
	GlobalSection(ProjectConfigurationPlatforms) = postSolution
		{B52AB52B-3F8B-4464-B346-16FF59B3F432}.Debug|Any CPU.ActiveCfg = Debug|Any CPU
		{B52AB52B-3F8B-4464-B346-16FF59B3F432}.Debug|Any CPU.Build.0 = Debug|Any CPU
		{B52AB52B-3F8B-4464-B346-16FF59B3F432}.Release|Any CPU.ActiveCfg = Release|Any CPU
		{B52AB52B-3F8B-4464-B346-16FF59B3F432}.Release|Any CPU.Build.0 = Release|Any CPU
	EndGlobalSection
	GlobalSection(SolutionProperties) = preSolution
		HideSolutionNode = FALSE
	EndGlobalSection
	GlobalSection(ExtensibilityGlobals) = postSolution
		SolutionGuid = {F19971AF-333A-4C80-B52D-6ACDA7743BCE}
	EndGlobalSection
EndGlobal
