
Microsoft Visual Studio Solution File, Format Version 12.00
# Visual Studio Version 16
VisualStudioVersion = 16.0.30621.155
MinimumVisualStudioVersion = 10.0.40219.1
Project("{FAE04EC0-301F-11D3-BF4B-00C04F79EFBC}") = "Day5_MVC", "Day5_MVC\Day5_MVC.csproj", "{24E04965-E2C8-47DE-9115-627C2EFEBBA5}"
EndProject
Global
	GlobalSection(SolutionConfigurationPlatforms) = preSolution
		Debug|Any CPU = Debug|Any CPU
		Release|Any CPU = Release|Any CPU
	EndGlobalSection
	GlobalSection(ProjectConfigurationPlatforms) = postSolution
		{24E04965-E2C8-47DE-9115-627C2EFEBBA5}.Debug|Any CPU.ActiveCfg = Debug|Any CPU
		{24E04965-E2C8-47DE-9115-627C2EFEBBA5}.Debug|Any CPU.Build.0 = Debug|Any CPU
		{24E04965-E2C8-47DE-9115-627C2EFEBBA5}.Release|Any CPU.ActiveCfg = Release|Any CPU
		{24E04965-E2C8-47DE-9115-627C2EFEBBA5}.Release|Any CPU.Build.0 = Release|Any CPU
	EndGlobalSection
	GlobalSection(SolutionProperties) = preSolution
		HideSolutionNode = FALSE
	EndGlobalSection
	GlobalSection(ExtensibilityGlobals) = postSolution
		SolutionGuid = {6C38D350-0240-45E6-99BC-C31D1B1FC835}
	EndGlobalSection
EndGlobal
