
Microsoft Visual Studio Solution File, Format Version 12.00
# Visual Studio Version 16
VisualStudioVersion = 16.0.31005.135
MinimumVisualStudioVersion = 10.0.40219.1
Project("{FAE04EC0-301F-11D3-BF4B-00C04F79EFBC}") = "WebAPI_Swagger_UI", "WebAPI_Swagger_UI\WebAPI_Swagger_UI.csproj", "{21E67CD1-6B09-4DAE-9971-3E7D58BA6BEF}"
EndProject
Global
	GlobalSection(SolutionConfigurationPlatforms) = preSolution
		Debug|Any CPU = Debug|Any CPU
		Release|Any CPU = Release|Any CPU
	EndGlobalSection
	GlobalSection(ProjectConfigurationPlatforms) = postSolution
		{21E67CD1-6B09-4DAE-9971-3E7D58BA6BEF}.Debug|Any CPU.ActiveCfg = Debug|Any CPU
		{21E67CD1-6B09-4DAE-9971-3E7D58BA6BEF}.Debug|Any CPU.Build.0 = Debug|Any CPU
		{21E67CD1-6B09-4DAE-9971-3E7D58BA6BEF}.Release|Any CPU.ActiveCfg = Release|Any CPU
		{21E67CD1-6B09-4DAE-9971-3E7D58BA6BEF}.Release|Any CPU.Build.0 = Release|Any CPU
	EndGlobalSection
	GlobalSection(SolutionProperties) = preSolution
		HideSolutionNode = FALSE
	EndGlobalSection
	GlobalSection(ExtensibilityGlobals) = postSolution
		SolutionGuid = {8AF00F0B-8AA7-4AF7-9F58-EC6285492A1D}
	EndGlobalSection
EndGlobal
