
Microsoft Visual Studio Solution File, Format Version 12.00
# Visual Studio Version 16
VisualStudioVersion = 16.0.30621.155
MinimumVisualStudioVersion = 10.0.40219.1
Project("{FAE04EC0-301F-11D3-BF4B-00C04F79EFBC}") = "Day4_MVC", "Day4_MVC\Day4_MVC.csproj", "{FEA06389-5EB9-4B61-890F-00CCCB2228CA}"
EndProject
Global
	GlobalSection(SolutionConfigurationPlatforms) = preSolution
		Debug|Any CPU = Debug|Any CPU
		Release|Any CPU = Release|Any CPU
	EndGlobalSection
	GlobalSection(ProjectConfigurationPlatforms) = postSolution
		{FEA06389-5EB9-4B61-890F-00CCCB2228CA}.Debug|Any CPU.ActiveCfg = Debug|Any CPU
		{FEA06389-5EB9-4B61-890F-00CCCB2228CA}.Debug|Any CPU.Build.0 = Debug|Any CPU
		{FEA06389-5EB9-4B61-890F-00CCCB2228CA}.Release|Any CPU.ActiveCfg = Release|Any CPU
		{FEA06389-5EB9-4B61-890F-00CCCB2228CA}.Release|Any CPU.Build.0 = Release|Any CPU
	EndGlobalSection
	GlobalSection(SolutionProperties) = preSolution
		HideSolutionNode = FALSE
	EndGlobalSection
	GlobalSection(ExtensibilityGlobals) = postSolution
		SolutionGuid = {9989E3FD-214C-4780-B57C-F726C39F23B7}
	EndGlobalSection
EndGlobal
