
Microsoft Visual Studio Solution File, Format Version 12.00
# Visual Studio Version 16
VisualStudioVersion = 16.0.30907.101
MinimumVisualStudioVersion = 10.0.40219.1
Project("{CC5FD16D-436D-48AD-A40C-5A424C6E3E79}") = "AzureCloudService1", "AzureCloudService1\AzureCloudService1.ccproj", "{6EBCD1A0-2F0B-43CD-ADBF-EFC8EF822AE1}"
EndProject
Project("{FAE04EC0-301F-11D3-BF4B-00C04F79EFBC}") = "WebRole1", "WebRole1\WebRole1.csproj", "{6B0979B2-2D8D-40BB-B4C0-F698216523DC}"
EndProject
Project("{FAE04EC0-301F-11D3-BF4B-00C04F79EFBC}") = "WCFServiceWebRole1", "WCFServiceWebRole1\WCFServiceWebRole1.csproj", "{831E4DB2-A722-48C5-907C-3F82F69C3074}"
EndProject
Global
	GlobalSection(SolutionConfigurationPlatforms) = preSolution
		Debug|Any CPU = Debug|Any CPU
		Release|Any CPU = Release|Any CPU
	EndGlobalSection
	GlobalSection(ProjectConfigurationPlatforms) = postSolution
		{6EBCD1A0-2F0B-43CD-ADBF-EFC8EF822AE1}.Debug|Any CPU.ActiveCfg = Debug|Any CPU
		{6EBCD1A0-2F0B-43CD-ADBF-EFC8EF822AE1}.Debug|Any CPU.Build.0 = Debug|Any CPU
		{6EBCD1A0-2F0B-43CD-ADBF-EFC8EF822AE1}.Release|Any CPU.ActiveCfg = Release|Any CPU
		{6EBCD1A0-2F0B-43CD-ADBF-EFC8EF822AE1}.Release|Any CPU.Build.0 = Release|Any CPU
		{6B0979B2-2D8D-40BB-B4C0-F698216523DC}.Debug|Any CPU.ActiveCfg = Debug|Any CPU
		{6B0979B2-2D8D-40BB-B4C0-F698216523DC}.Debug|Any CPU.Build.0 = Debug|Any CPU
		{6B0979B2-2D8D-40BB-B4C0-F698216523DC}.Release|Any CPU.ActiveCfg = Release|Any CPU
		{6B0979B2-2D8D-40BB-B4C0-F698216523DC}.Release|Any CPU.Build.0 = Release|Any CPU
		{831E4DB2-A722-48C5-907C-3F82F69C3074}.Debug|Any CPU.ActiveCfg = Debug|Any CPU
		{831E4DB2-A722-48C5-907C-3F82F69C3074}.Debug|Any CPU.Build.0 = Debug|Any CPU
		{831E4DB2-A722-48C5-907C-3F82F69C3074}.Release|Any CPU.ActiveCfg = Release|Any CPU
		{831E4DB2-A722-48C5-907C-3F82F69C3074}.Release|Any CPU.Build.0 = Release|Any CPU
	EndGlobalSection
	GlobalSection(SolutionProperties) = preSolution
		HideSolutionNode = FALSE
	EndGlobalSection
	GlobalSection(ExtensibilityGlobals) = postSolution
		SolutionGuid = {6BB71F22-3616-4F1F-9626-89801CF07128}
	EndGlobalSection
EndGlobal
