
Microsoft Visual Studio Solution File, Format Version 12.00
# Visual Studio Version 16
VisualStudioVersion = 16.0.30503.244
MinimumVisualStudioVersion = 10.0.40219.1
Project("{FAE04EC0-301F-11D3-BF4B-00C04F79EFBC}") = "Task1_CSS_Navigation_Bar", "Task1_CSS_Navigation_Bar\Task1_CSS_Navigation_Bar.csproj", "{75F02FE6-5568-4389-9755-04BB4AFF31FC}"
EndProject
Global
	GlobalSection(SolutionConfigurationPlatforms) = preSolution
		Debug|Any CPU = Debug|Any CPU
		Release|Any CPU = Release|Any CPU
	EndGlobalSection
	GlobalSection(ProjectConfigurationPlatforms) = postSolution
		{75F02FE6-5568-4389-9755-04BB4AFF31FC}.Debug|Any CPU.ActiveCfg = Debug|Any CPU
		{75F02FE6-5568-4389-9755-04BB4AFF31FC}.Debug|Any CPU.Build.0 = Debug|Any CPU
		{75F02FE6-5568-4389-9755-04BB4AFF31FC}.Release|Any CPU.ActiveCfg = Release|Any CPU
		{75F02FE6-5568-4389-9755-04BB4AFF31FC}.Release|Any CPU.Build.0 = Release|Any CPU
	EndGlobalSection
	GlobalSection(SolutionProperties) = preSolution
		HideSolutionNode = FALSE
	EndGlobalSection
	GlobalSection(ExtensibilityGlobals) = postSolution
		SolutionGuid = {401EA4F6-5549-4EA6-AE0C-1A3717B908D8}
	EndGlobalSection
EndGlobal
