
Microsoft Visual Studio Solution File, Format Version 12.00
# Visual Studio Version 16
VisualStudioVersion = 16.0.30413.136
MinimumVisualStudioVersion = 10.0.40219.1
Project("{FAE04EC0-301F-11D3-BF4B-00C04F79EFBC}") = "Day3_CSS_Practise", "Day3_CSS_Practise\Day3_CSS_Practise.csproj", "{1A357742-ADE7-4A6B-B8CD-F7194094FA51}"
EndProject
Global
	GlobalSection(SolutionConfigurationPlatforms) = preSolution
		Debug|Any CPU = Debug|Any CPU
		Release|Any CPU = Release|Any CPU
	EndGlobalSection
	GlobalSection(ProjectConfigurationPlatforms) = postSolution
		{1A357742-ADE7-4A6B-B8CD-F7194094FA51}.Debug|Any CPU.ActiveCfg = Debug|Any CPU
		{1A357742-ADE7-4A6B-B8CD-F7194094FA51}.Debug|Any CPU.Build.0 = Debug|Any CPU
		{1A357742-ADE7-4A6B-B8CD-F7194094FA51}.Release|Any CPU.ActiveCfg = Release|Any CPU
		{1A357742-ADE7-4A6B-B8CD-F7194094FA51}.Release|Any CPU.Build.0 = Release|Any CPU
	EndGlobalSection
	GlobalSection(SolutionProperties) = preSolution
		HideSolutionNode = FALSE
	EndGlobalSection
	GlobalSection(ExtensibilityGlobals) = postSolution
		SolutionGuid = {1D313CCF-913E-4236-AE08-AD0A21751097}
	EndGlobalSection
EndGlobal
